
Microsoft Visual Studio Solution File, Format Version 12.00
# Visual Studio Version 16
VisualStudioVersion = 16.0.30717.126
MinimumVisualStudioVersion = 10.0.40219.1
Project("{9A19103F-16F7-4668-BE54-9A1E7A4F7556}") = "MyAlbum", "MyAlbum.csproj", "{08FD6237-F97D-4797-AF0D-6B5F073D6AFD}"
EndProject
Global
	GlobalSection(SolutionConfigurationPlatforms) = preSolution
		Debug|Any CPU = Debug|Any CPU
		Release|Any CPU = Release|Any CPU
	EndGlobalSection
	GlobalSection(ProjectConfigurationPlatforms) = postSolution
		{08FD6237-F97D-4797-AF0D-6B5F073D6AFD}.Debug|Any CPU.ActiveCfg = Debug|Any CPU
		{08FD6237-F97D-4797-AF0D-6B5F073D6AFD}.Debug|Any CPU.Build.0 = Debug|Any CPU
		{08FD6237-F97D-4797-AF0D-6B5F073D6AFD}.Release|Any CPU.ActiveCfg = Release|Any CPU
		{08FD6237-F97D-4797-AF0D-6B5F073D6AFD}.Release|Any CPU.Build.0 = Release|Any CPU
	EndGlobalSection
	GlobalSection(SolutionProperties) = preSolution
		HideSolutionNode = FALSE
	EndGlobalSection
	GlobalSection(ExtensibilityGlobals) = postSolution
		SolutionGuid = {151E270F-C485-4E4D-BFAA-6580F86EE23E}
	EndGlobalSection
EndGlobal
